
Microsoft Visual Studio Solution File, Format Version 12.00
# Visual Studio Version 17
VisualStudioVersion = 17.10.35013.160
MinimumVisualStudioVersion = 10.0.40219.1
Project("{FAE04EC0-301F-11D3-BF4B-00C04F79EFBC}") = "BilliardManagement", "BilliardManagement\BilliardManagement.csproj", "{99AFBF70-6525-43F1-A0FF-F9ED4F693AE0}"
EndProject
Global
	GlobalSection(SolutionConfigurationPlatforms) = preSolution
		Debug|Any CPU = Debug|Any CPU
		Release|Any CPU = Release|Any CPU
	EndGlobalSection
	GlobalSection(ProjectConfigurationPlatforms) = postSolution
		{99AFBF70-6525-43F1-A0FF-F9ED4F693AE0}.Debug|Any CPU.ActiveCfg = Debug|Any CPU
		{99AFBF70-6525-43F1-A0FF-F9ED4F693AE0}.Debug|Any CPU.Build.0 = Debug|Any CPU
		{99AFBF70-6525-43F1-A0FF-F9ED4F693AE0}.Release|Any CPU.ActiveCfg = Release|Any CPU
		{99AFBF70-6525-43F1-A0FF-F9ED4F693AE0}.Release|Any CPU.Build.0 = Release|Any CPU
	EndGlobalSection
	GlobalSection(SolutionProperties) = preSolution
		HideSolutionNode = FALSE
	EndGlobalSection
	GlobalSection(ExtensibilityGlobals) = postSolution
		SolutionGuid = {6C76AA66-EF9E-4813-9F21-EFAA6E954927}
	EndGlobalSection
EndGlobal
